
Microsoft Visual Studio Solution File, Format Version 12.00
# Visual Studio Version 17
VisualStudioVersion = 17.3.32929.385
MinimumVisualStudioVersion = 10.0.40219.1
Project("{FAE04EC0-301F-11D3-BF4B-00C04F79EFBC}") = "RapidApi_Weather", "RapidApi_Weather.csproj", "{D0966ED1-66F5-48FB-B63E-DD5D1AA4631E}"
EndProject
Global
	GlobalSection(SolutionConfigurationPlatforms) = preSolution
		Debug|Any CPU = Debug|Any CPU
		Release|Any CPU = Release|Any CPU
	EndGlobalSection
	GlobalSection(ProjectConfigurationPlatforms) = postSolution
		{D0966ED1-66F5-48FB-B63E-DD5D1AA4631E}.Debug|Any CPU.ActiveCfg = Debug|Any CPU
		{D0966ED1-66F5-48FB-B63E-DD5D1AA4631E}.Debug|Any CPU.Build.0 = Debug|Any CPU
		{D0966ED1-66F5-48FB-B63E-DD5D1AA4631E}.Release|Any CPU.ActiveCfg = Release|Any CPU
		{D0966ED1-66F5-48FB-B63E-DD5D1AA4631E}.Release|Any CPU.Build.0 = Release|Any CPU
	EndGlobalSection
	GlobalSection(SolutionProperties) = preSolution
		HideSolutionNode = FALSE
	EndGlobalSection
	GlobalSection(ExtensibilityGlobals) = postSolution
		SolutionGuid = {385B5F2A-C07B-4C11-AC1E-44734EE88636}
	EndGlobalSection
EndGlobal
